
Microsoft Visual Studio Solution File, Format Version 12.00
# Visual Studio Version 16
VisualStudioVersion = 16.0.31205.134
MinimumVisualStudioVersion = 10.0.40219.1
Project("{FAE04EC0-301F-11D3-BF4B-00C04F79EFBC}") = "QuestaoQuatro", "QuestaoQuatro\QuestaoQuatro.csproj", "{541836B9-2A5D-4133-A505-EADFB4C4E1BB}"
EndProject
Global
	GlobalSection(SolutionConfigurationPlatforms) = preSolution
		Debug|Any CPU = Debug|Any CPU
		Release|Any CPU = Release|Any CPU
	EndGlobalSection
	GlobalSection(ProjectConfigurationPlatforms) = postSolution
		{541836B9-2A5D-4133-A505-EADFB4C4E1BB}.Debug|Any CPU.ActiveCfg = Debug|Any CPU
		{541836B9-2A5D-4133-A505-EADFB4C4E1BB}.Debug|Any CPU.Build.0 = Debug|Any CPU
		{541836B9-2A5D-4133-A505-EADFB4C4E1BB}.Release|Any CPU.ActiveCfg = Release|Any CPU
		{541836B9-2A5D-4133-A505-EADFB4C4E1BB}.Release|Any CPU.Build.0 = Release|Any CPU
	EndGlobalSection
	GlobalSection(SolutionProperties) = preSolution
		HideSolutionNode = FALSE
	EndGlobalSection
	GlobalSection(ExtensibilityGlobals) = postSolution
		SolutionGuid = {48C8DFD6-4B0B-4B6A-9E4A-8FE3E4E5A567}
	EndGlobalSection
EndGlobal
