
Microsoft Visual Studio Solution File, Format Version 12.00
# Visual Studio Version 16
VisualStudioVersion = 16.0.31515.178
MinimumVisualStudioVersion = 10.0.40219.1
Project("{FAE04EC0-301F-11D3-BF4B-00C04F79EFBC}") = "AtividadePOOdois", "AtividadePOOdois\AtividadePOOdois.csproj", "{D6BDB4C5-9455-4685-9BD3-488C3A06C74F}"
EndProject
Global
	GlobalSection(SolutionConfigurationPlatforms) = preSolution
		Debug|Any CPU = Debug|Any CPU
		Release|Any CPU = Release|Any CPU
	EndGlobalSection
	GlobalSection(ProjectConfigurationPlatforms) = postSolution
		{D6BDB4C5-9455-4685-9BD3-488C3A06C74F}.Debug|Any CPU.ActiveCfg = Debug|Any CPU
		{D6BDB4C5-9455-4685-9BD3-488C3A06C74F}.Debug|Any CPU.Build.0 = Debug|Any CPU
		{D6BDB4C5-9455-4685-9BD3-488C3A06C74F}.Release|Any CPU.ActiveCfg = Release|Any CPU
		{D6BDB4C5-9455-4685-9BD3-488C3A06C74F}.Release|Any CPU.Build.0 = Release|Any CPU
	EndGlobalSection
	GlobalSection(SolutionProperties) = preSolution
		HideSolutionNode = FALSE
	EndGlobalSection
	GlobalSection(ExtensibilityGlobals) = postSolution
		SolutionGuid = {B4DBAC65-EA63-4C32-93E7-FD92D594BBE7}
	EndGlobalSection
EndGlobal
